
Microsoft Visual Studio Solution File, Format Version 12.00
# Visual Studio Version 17
VisualStudioVersion = 17.10.34928.147
MinimumVisualStudioVersion = 10.0.40219.1
Project("{FAE04EC0-301F-11D3-BF4B-00C04F79EFBC}") = "SemanticKernelVoiceTest", "SemanticKernelVoiceTest\SemanticKernelVoiceTest.csproj", "{7AE49430-172C-4A5F-87B4-FA25CC93B8CD}"
EndProject
Global
	GlobalSection(SolutionConfigurationPlatforms) = preSolution
		Debug|Any CPU = Debug|Any CPU
		Release|Any CPU = Release|Any CPU
	EndGlobalSection
	GlobalSection(ProjectConfigurationPlatforms) = postSolution
		{7AE49430-172C-4A5F-87B4-FA25CC93B8CD}.Debug|Any CPU.ActiveCfg = Debug|Any CPU
		{7AE49430-172C-4A5F-87B4-FA25CC93B8CD}.Debug|Any CPU.Build.0 = Debug|Any CPU
		{7AE49430-172C-4A5F-87B4-FA25CC93B8CD}.Release|Any CPU.ActiveCfg = Release|Any CPU
		{7AE49430-172C-4A5F-87B4-FA25CC93B8CD}.Release|Any CPU.Build.0 = Release|Any CPU
	EndGlobalSection
	GlobalSection(SolutionProperties) = preSolution
		HideSolutionNode = FALSE
	EndGlobalSection
	GlobalSection(ExtensibilityGlobals) = postSolution
		SolutionGuid = {38B8A525-8E22-48B0-A909-E01DC31C2FA0}
	EndGlobalSection
EndGlobal
